// !$*UTF8*$!
{
	archiveVersion = 1;
	classes = {
	};
	objectVersion = 46;
	objects = {

/* Begin PBXBuildFile section */
		512B550B1CB3AFFF00401E82 /* MyWxDialogXrc.cpp in Sources */ = {isa = PBXBuildFile; fileRef = 51DA9EE01CABAAF800852068 /* MyWxDialogXrc.cpp */; };
		512B550C1CB3AFFF00401E82 /* wxres_xrc.cpp in Sources */ = {isa = PBXBuildFile; fileRef = 51DA9EF01CABAAF800852068 /* wxres_xrc.cpp */; };
		512B550D1CB3AFFF00401E82 /* Sample.cpp in Sources */ = {isa = PBXBuildFile; fileRef = 51DA9EE41CABAAF800852068 /* Sample.cpp */; };
		512B550E1CB3AFFF00401E82 /* MyWxDialog.cpp in Sources */ = {isa = PBXBuildFile; fileRef = 51DA9EDE1CABAAF800852068 /* MyWxDialog.cpp */; };
		512B550F1CB3AFFF00401E82 /* WxUserInteraction.cpp in Sources */ = {isa = PBXBuildFile; fileRef = 51DA9EE21CABAAF800852068 /* WxUserInteraction.cpp */; };
		512B55101CB3AFFF00401E82 /* MyWxApp.cpp in Sources */ = {isa = PBXBuildFile; fileRef = 51DA9EDC1CABAAF800852068 /* MyWxApp.cpp */; };
		512B55111CB3AFFF00401E82 /* StdAfx.cpp in Sources */ = {isa = PBXBuildFile; fileRef = 51DA9EE51CABAAF800852068 /* StdAfx.cpp */; };
		512B55121CB3AFFF00401E82 /* cmdGui.cpp in Sources */ = {isa = PBXBuildFile; fileRef = 51DA9ED91CABAAF800852068 /* cmdGui.cpp */; };
		512B55131CB3AFFF00401E82 /* acrxEntryPoint.cpp in Sources */ = {isa = PBXBuildFile; fileRef = 51DA9ED51CABAAF800852068 /* acrxEntryPoint.cpp */; };
		51DA9EF21CABAAF800852068 /* acrxEntryPoint.cpp in Sources */ = {isa = PBXBuildFile; fileRef = 51DA9ED51CABAAF800852068 /* acrxEntryPoint.cpp */; };
		51DA9EF51CABAAF800852068 /* cmdGui.cpp in Sources */ = {isa = PBXBuildFile; fileRef = 51DA9ED91CABAAF800852068 /* cmdGui.cpp */; };
		51DA9EF71CABAAF800852068 /* MyWxApp.cpp in Sources */ = {isa = PBXBuildFile; fileRef = 51DA9EDC1CABAAF800852068 /* MyWxApp.cpp */; };
		51DA9EF91CABAAF800852068 /* MyWxDialog.cpp in Sources */ = {isa = PBXBuildFile; fileRef = 51DA9EDE1CABAAF800852068 /* MyWxDialog.cpp */; };
		51DA9EFB1CABAAF800852068 /* MyWxDialogXrc.cpp in Sources */ = {isa = PBXBuildFile; fileRef = 51DA9EE01CABAAF800852068 /* MyWxDialogXrc.cpp */; };
		51DA9EFD1CABAAF800852068 /* WxUserInteraction.cpp in Sources */ = {isa = PBXBuildFile; fileRef = 51DA9EE21CABAAF800852068 /* WxUserInteraction.cpp */; };
		51DA9EFF1CABAAF800852068 /* Sample.cpp in Sources */ = {isa = PBXBuildFile; fileRef = 51DA9EE41CABAAF800852068 /* Sample.cpp */; };
		51DA9F001CABAAF800852068 /* StdAfx.cpp in Sources */ = {isa = PBXBuildFile; fileRef = 51DA9EE51CABAAF800852068 /* StdAfx.cpp */; };
		51DA9F031CABAAF800852068 /* wxres_xrc.cpp in Sources */ = {isa = PBXBuildFile; fileRef = 51DA9EF01CABAAF800852068 /* wxres_xrc.cpp */; };
/* End PBXBuildFile section */

/* Begin PBXFileReference section */
		51141FAB1CAA746500BA346B /* libwxSample.mrx */ = {isa = PBXFileReference; explicitFileType = "compiled.mach-o.dylib"; includeInIndex = 0; path = libwxSample.mrx; sourceTree = BUILT_PRODUCTS_DIR; };
		512B55181CB3AFFF00401E82 /* libwxSample.mrx */ = {isa = PBXFileReference; explicitFileType = "compiled.mach-o.dylib"; includeInIndex = 0; path = libwxSample.mrx; sourceTree = BUILT_PRODUCTS_DIR; };
		51DA9ED51CABAAF800852068 /* acrxEntryPoint.cpp */ = {isa = PBXFileReference; fileEncoding = 4; lastKnownFileType = sourcecode.cpp.cpp; path = acrxEntryPoint.cpp; sourceTree = "<group>"; };
		51DA9ED61CABAAF800852068 /* arx_version.h */ = {isa = PBXFileReference; fileEncoding = 4; lastKnownFileType = sourcecode.c.h; path = arx_version.h; sourceTree = "<group>"; };
		51DA9ED71CABAAF800852068 /* brx_version.h */ = {isa = PBXFileReference; fileEncoding = 4; lastKnownFileType = sourcecode.c.h; path = brx_version.h; sourceTree = "<group>"; };
		51DA9ED91CABAAF800852068 /* cmdGui.cpp */ = {isa = PBXFileReference; fileEncoding = 4; lastKnownFileType = sourcecode.cpp.cpp; name = cmdGui.cpp; path = cmd/cmdGui.cpp; sourceTree = "<group>"; };
		51DA9EDA1CABAAF800852068 /* cmdGui.h */ = {isa = PBXFileReference; fileEncoding = 4; lastKnownFileType = sourcecode.c.h; path = cmdGui.h; sourceTree = "<group>"; };
		51DA9EDC1CABAAF800852068 /* MyWxApp.cpp */ = {isa = PBXFileReference; fileEncoding = 4; lastKnownFileType = sourcecode.cpp.cpp; path = MyWxApp.cpp; sourceTree = "<group>"; };
		51DA9EDD1CABAAF800852068 /* MyWxApp.h */ = {isa = PBXFileReference; fileEncoding = 4; lastKnownFileType = sourcecode.c.h; name = MyWxApp.h; path = gui/MyWxApp.h; sourceTree = "<group>"; };
		51DA9EDE1CABAAF800852068 /* MyWxDialog.cpp */ = {isa = PBXFileReference; fileEncoding = 4; lastKnownFileType = sourcecode.cpp.cpp; path = MyWxDialog.cpp; sourceTree = "<group>"; };
		51DA9EDF1CABAAF800852068 /* MyWxDialog.h */ = {isa = PBXFileReference; fileEncoding = 4; lastKnownFileType = sourcecode.c.h; name = MyWxDialog.h; path = gui/MyWxDialog.h; sourceTree = "<group>"; };
		51DA9EE01CABAAF800852068 /* MyWxDialogXrc.cpp */ = {isa = PBXFileReference; fileEncoding = 4; lastKnownFileType = sourcecode.cpp.cpp; path = MyWxDialogXrc.cpp; sourceTree = "<group>"; };
		51DA9EE11CABAAF800852068 /* MyWxDialogXrc.h */ = {isa = PBXFileReference; fileEncoding = 4; lastKnownFileType = sourcecode.c.h; name = MyWxDialogXrc.h; path = gui/MyWxDialogXrc.h; sourceTree = "<group>"; };
		51DA9EE21CABAAF800852068 /* WxUserInteraction.cpp */ = {isa = PBXFileReference; fileEncoding = 4; lastKnownFileType = sourcecode.cpp.cpp; path = WxUserInteraction.cpp; sourceTree = "<group>"; };
		51DA9EE31CABAAF800852068 /* WxUserInteraction.h */ = {isa = PBXFileReference; fileEncoding = 4; lastKnownFileType = sourcecode.c.h; name = WxUserInteraction.h; path = gui/WxUserInteraction.h; sourceTree = "<group>"; };
		51DA9EE41CABAAF800852068 /* Sample.cpp */ = {isa = PBXFileReference; fileEncoding = 4; lastKnownFileType = sourcecode.cpp.cpp; path = Sample.cpp; sourceTree = "<group>"; };
		51DA9EE51CABAAF800852068 /* StdAfx.cpp */ = {isa = PBXFileReference; fileEncoding = 4; lastKnownFileType = sourcecode.cpp.cpp; path = StdAfx.cpp; sourceTree = "<group>"; };
		51DA9EE61CABAAF800852068 /* StdAfx.h */ = {isa = PBXFileReference; fileEncoding = 4; lastKnownFileType = sourcecode.c.h; path = StdAfx.h; sourceTree = "<group>"; };
		51DA9EE71CABAAF800852068 /* sys_version.h */ = {isa = PBXFileReference; fileEncoding = 4; lastKnownFileType = sourcecode.c.h; path = sys_version.h; sourceTree = "<group>"; };
		51DA9EEA1CABAAF800852068 /* wxres_images.xrc */ = {isa = PBXFileReference; fileEncoding = 4; lastKnownFileType = text.xml; path = wxres_images.xrc; sourceTree = "<group>"; };
		51DA9EEE1CABAAF800852068 /* wxres_wxadlgxrc.xrc */ = {isa = PBXFileReference; fileEncoding = 4; lastKnownFileType = text.xml; path = wxres_wxadlgxrc.xrc; sourceTree = "<group>"; };
		51DA9EF01CABAAF800852068 /* wxres_xrc.cpp */ = {isa = PBXFileReference; fileEncoding = 4; lastKnownFileType = sourcecode.cpp.cpp; path = wxres_xrc.cpp; sourceTree = "<group>"; };
		51DA9EF11CABAAF800852068 /* wxres_xrc.txt */ = {isa = PBXFileReference; fileEncoding = 4; lastKnownFileType = text; name = wxres_xrc.txt; path = xrc/wxres_xrc.txt; sourceTree = "<group>"; };
/* End PBXFileReference section */

/* Begin PBXFrameworksBuildPhase section */
		51141FA81CAA746500BA346B /* Frameworks */ = {
			isa = PBXFrameworksBuildPhase;
			buildActionMask = 2147483647;
			files = (
			);
			runOnlyForDeploymentPostprocessing = 0;
		};
		512B55141CB3AFFF00401E82 /* Frameworks */ = {
			isa = PBXFrameworksBuildPhase;
			buildActionMask = 2147483647;
			files = (
			);
			runOnlyForDeploymentPostprocessing = 0;
		};
/* End PBXFrameworksBuildPhase section */

/* Begin PBXGroup section */
		51141FA21CAA746500BA346B = {
			isa = PBXGroup;
			children = (
				51DA9F041CABDA9900852068 /* Sources */,
				51DA9F051CABDAA700852068 /* Headers */,
				51DA9F061CABDABC00852068 /* Resources */,
				51141FAC1CAA746500BA346B /* Products */,
			);
			sourceTree = "<group>";
		};
		51141FAC1CAA746500BA346B /* Products */ = {
			isa = PBXGroup;
			children = (
				51141FAB1CAA746500BA346B /* libwxSample.mrx */,
				512B55181CB3AFFF00401E82 /* libwxSample.mrx */,
			);
			name = Products;
			sourceTree = "<group>";
		};
		51DA9ED81CABAAF800852068 /* cmd */ = {
			isa = PBXGroup;
			children = (
				51DA9EDA1CABAAF800852068 /* cmdGui.h */,
			);
			path = cmd;
			sourceTree = "<group>";
		};
		51DA9EDB1CABAAF800852068 /* gui */ = {
			isa = PBXGroup;
			children = (
				51DA9EDC1CABAAF800852068 /* MyWxApp.cpp */,
				51DA9EDE1CABAAF800852068 /* MyWxDialog.cpp */,
				51DA9EE01CABAAF800852068 /* MyWxDialogXrc.cpp */,
				51DA9EE21CABAAF800852068 /* WxUserInteraction.cpp */,
			);
			path = gui;
			sourceTree = "<group>";
		};
		51DA9EE81CABAAF800852068 /* xrc */ = {
			isa = PBXGroup;
			children = (
				51DA9EF01CABAAF800852068 /* wxres_xrc.cpp */,
			);
			path = xrc;
			sourceTree = "<group>";
		};
		51DA9EE91CABAAF800852068 /* common */ = {
			isa = PBXGroup;
			children = (
				51DA9EEA1CABAAF800852068 /* wxres_images.xrc */,
			);
			name = common;
			path = xrc/common;
			sourceTree = "<group>";
		};
		51DA9EEC1CABAAF800852068 /* locale */ = {
			isa = PBXGroup;
			children = (
				51DA9EED1CABAAF800852068 /* en-US */,
			);
			name = locale;
			path = xrc/locale;
			sourceTree = "<group>";
		};
		51DA9EED1CABAAF800852068 /* en-US */ = {
			isa = PBXGroup;
			children = (
				51DA9EEE1CABAAF800852068 /* wxres_wxadlgxrc.xrc */,
			);
			path = "en-US";
			sourceTree = "<group>";
		};
		51DA9F041CABDA9900852068 /* Sources */ = {
			isa = PBXGroup;
			children = (
				51DA9EE81CABAAF800852068 /* xrc */,
				51DA9EDB1CABAAF800852068 /* gui */,
				51DA9F071CABDAFF00852068 /* cmd */,
				51DA9ED51CABAAF800852068 /* acrxEntryPoint.cpp */,
				51DA9EE41CABAAF800852068 /* Sample.cpp */,
				51DA9EE51CABAAF800852068 /* StdAfx.cpp */,
			);
			name = Sources;
			sourceTree = "<group>";
		};
		51DA9F051CABDAA700852068 /* Headers */ = {
			isa = PBXGroup;
			children = (
				51DA9F081CABDB1600852068 /* gui */,
				51DA9ED81CABAAF800852068 /* cmd */,
				51DA9ED61CABAAF800852068 /* arx_version.h */,
				51DA9ED71CABAAF800852068 /* brx_version.h */,
				51DA9EE61CABAAF800852068 /* StdAfx.h */,
				51DA9EE71CABAAF800852068 /* sys_version.h */,
			);
			name = Headers;
			sourceTree = "<group>";
		};
		51DA9F061CABDABC00852068 /* Resources */ = {
			isa = PBXGroup;
			children = (
				51DA9F091CABDB9300852068 /* xrc */,
			);
			name = Resources;
			sourceTree = "<group>";
		};
		51DA9F071CABDAFF00852068 /* cmd */ = {
			isa = PBXGroup;
			children = (
				51DA9ED91CABAAF800852068 /* cmdGui.cpp */,
			);
			name = cmd;
			sourceTree = "<group>";
		};
		51DA9F081CABDB1600852068 /* gui */ = {
			isa = PBXGroup;
			children = (
				51DA9EDD1CABAAF800852068 /* MyWxApp.h */,
				51DA9EDF1CABAAF800852068 /* MyWxDialog.h */,
				51DA9EE11CABAAF800852068 /* MyWxDialogXrc.h */,
				51DA9EE31CABAAF800852068 /* WxUserInteraction.h */,
			);
			name = gui;
			sourceTree = "<group>";
		};
		51DA9F091CABDB9300852068 /* xrc */ = {
			isa = PBXGroup;
			children = (
				51DA9EF11CABAAF800852068 /* wxres_xrc.txt */,
				51DA9EEC1CABAAF800852068 /* locale */,
				51DA9EE91CABAAF800852068 /* common */,
			);
			name = xrc;
			sourceTree = "<group>";
		};
/* End PBXGroup section */

/* Begin PBXNativeTarget section */
		51141FAA1CAA746500BA346B /* wxSample */ = {
			isa = PBXNativeTarget;
			buildConfigurationList = 51141FB41CAA746500BA346B /* Build configuration list for PBXNativeTarget "wxSample" */;
			buildPhases = (
				51DA9F0A1CABF52700852068 /* ShellScript */,
				51141FA71CAA746500BA346B /* Sources */,
				51141FA81CAA746500BA346B /* Frameworks */,
			);
			buildRules = (
			);
			dependencies = (
			);
			name = wxSample;
			productName = Sample;
			productReference = 51141FAB1CAA746500BA346B /* libwxSample.mrx */;
			productType = "com.apple.product-type.library.dynamic";
		};
		512B55081CB3AFFF00401E82 /* wxSample_FullDebug */ = {
			isa = PBXNativeTarget;
			buildConfigurationList = 512B55151CB3AFFF00401E82 /* Build configuration list for PBXNativeTarget "wxSample_FullDebug" */;
			buildPhases = (
				512B55091CB3AFFF00401E82 /* ShellScript */,
				512B550A1CB3AFFF00401E82 /* Sources */,
				512B55141CB3AFFF00401E82 /* Frameworks */,
			);
			buildRules = (
			);
			dependencies = (
			);
			name = wxSample_FullDebug;
			productName = Sample;
			productReference = 512B55181CB3AFFF00401E82 /* libwxSample.mrx */;
			productType = "com.apple.product-type.library.dynamic";
		};
/* End PBXNativeTarget section */

/* Begin PBXProject section */
		51141FA31CAA746500BA346B /* Project object */ = {
			isa = PBXProject;
			attributes = {
				LastUpgradeCheck = 0730;
				ORGANIZATIONNAME = Bricsys;
				TargetAttributes = {
					51141FAA1CAA746500BA346B = {
						CreatedOnToolsVersion = 7.3;
					};
				};
			};
			buildConfigurationList = 51141FA61CAA746500BA346B /* Build configuration list for PBXProject "Sample" */;
			compatibilityVersion = "Xcode 3.2";
			developmentRegion = English;
			hasScannedForEncodings = 0;
			knownRegions = (
				en,
			);
			mainGroup = 51141FA21CAA746500BA346B;
			productRefGroup = 51141FAC1CAA746500BA346B /* Products */;
			projectDirPath = "";
			projectRoot = "";
			targets = (
				51141FAA1CAA746500BA346B /* wxSample */,
				512B55081CB3AFFF00401E82 /* wxSample_FullDebug */,
			);
		};
/* End PBXProject section */

/* Begin PBXShellScriptBuildPhase section */
		512B55091CB3AFFF00401E82 /* ShellScript */ = {
			isa = PBXShellScriptBuildPhase;
			buildActionMask = 2147483647;
			files = (
			);
			inputPaths = (
			);
			outputPaths = (
			);
			runOnlyForDeploymentPostprocessing = 0;
			shellPath = /bin/sh;
			shellScript = "xrc/generate_xrc_inl.sh debug";
		};
		51DA9F0A1CABF52700852068 /* ShellScript */ = {
			isa = PBXShellScriptBuildPhase;
			buildActionMask = 2147483647;
			files = (
			);
			inputPaths = (
			);
			outputPaths = (
			);
			runOnlyForDeploymentPostprocessing = 0;
			shellPath = /bin/sh;
			shellScript = "xrc/generate_xrc_inl.sh release";
		};
/* End PBXShellScriptBuildPhase section */

/* Begin PBXSourcesBuildPhase section */
		51141FA71CAA746500BA346B /* Sources */ = {
			isa = PBXSourcesBuildPhase;
			buildActionMask = 2147483647;
			files = (
				51DA9EFB1CABAAF800852068 /* MyWxDialogXrc.cpp in Sources */,
				51DA9F031CABAAF800852068 /* wxres_xrc.cpp in Sources */,
				51DA9EFF1CABAAF800852068 /* Sample.cpp in Sources */,
				51DA9EF91CABAAF800852068 /* MyWxDialog.cpp in Sources */,
				51DA9EFD1CABAAF800852068 /* WxUserInteraction.cpp in Sources */,
				51DA9EF71CABAAF800852068 /* MyWxApp.cpp in Sources */,
				51DA9F001CABAAF800852068 /* StdAfx.cpp in Sources */,
				51DA9EF51CABAAF800852068 /* cmdGui.cpp in Sources */,
				51DA9EF21CABAAF800852068 /* acrxEntryPoint.cpp in Sources */,
			);
			runOnlyForDeploymentPostprocessing = 0;
		};
		512B550A1CB3AFFF00401E82 /* Sources */ = {
			isa = PBXSourcesBuildPhase;
			buildActionMask = 2147483647;
			files = (
				512B550B1CB3AFFF00401E82 /* MyWxDialogXrc.cpp in Sources */,
				512B550C1CB3AFFF00401E82 /* wxres_xrc.cpp in Sources */,
				512B550D1CB3AFFF00401E82 /* Sample.cpp in Sources */,
				512B550E1CB3AFFF00401E82 /* MyWxDialog.cpp in Sources */,
				512B550F1CB3AFFF00401E82 /* WxUserInteraction.cpp in Sources */,
				512B55101CB3AFFF00401E82 /* MyWxApp.cpp in Sources */,
				512B55111CB3AFFF00401E82 /* StdAfx.cpp in Sources */,
				512B55121CB3AFFF00401E82 /* cmdGui.cpp in Sources */,
				512B55131CB3AFFF00401E82 /* acrxEntryPoint.cpp in Sources */,
			);
			runOnlyForDeploymentPostprocessing = 0;
		};
/* End PBXSourcesBuildPhase section */

/* Begin XCBuildConfiguration section */
		51141FB21CAA746500BA346B /* Debug */ = {
			isa = XCBuildConfiguration;
			buildSettings = {
				CODE_SIGN_IDENTITY = "-";
			};
			name = Debug;
		};
		51141FB31CAA746500BA346B /* Release */ = {
			isa = XCBuildConfiguration;
			buildSettings = {
				CODE_SIGN_IDENTITY = "-";
			};
			name = Release;
		};
		51141FB51CAA746500BA346B /* Debug */ = {
			isa = XCBuildConfiguration;
			buildSettings = {
				ARCHS = "$(ARCHS_STANDARD_32_64_BIT)";
				CLANG_ANALYZER_NONNULL = NO;
				CLANG_CXX_LANGUAGE_STANDARD = "compiler-default";
				CLANG_CXX_LIBRARY = "compiler-default";
				CLANG_ENABLE_MODULES = NO;
				CLANG_ENABLE_OBJC_ARC = NO;
				CLANG_WARN_BOOL_CONVERSION = "$(CLANG_WARN_SUSPICIOUS_IMPLICIT_CONVERSION)";
				CLANG_WARN_CONSTANT_CONVERSION = "$(CLANG_WARN_SUSPICIOUS_IMPLICIT_CONVERSION)";
				CLANG_WARN_DIRECT_OBJC_ISA_USAGE = YES;
				CLANG_WARN_EMPTY_BODY = NO;
				CLANG_WARN_ENUM_CONVERSION = "$(CLANG_WARN_SUSPICIOUS_IMPLICIT_CONVERSION)";
				CLANG_WARN_INT_CONVERSION = "$(CLANG_WARN_SUSPICIOUS_IMPLICIT_CONVERSION)";
				CLANG_WARN_OBJC_ROOT_CLASS = YES;
				CLANG_WARN_UNREACHABLE_CODE = NO;
				CLANG_WARN__DUPLICATE_METHOD_MATCH = NO;
				CODE_SIGN_IDENTITY = "";
				COMBINE_HIDPI_IMAGES = YES;
				CONFIGURATION_BUILD_DIR = "$(CONFIGURATION)_Mac/x64";
				CONFIGURATION_TEMP_DIR = "$(CONFIGURATION)_Mac/x64";
				COPY_PHASE_STRIP = YES;
				DYLIB_COMPATIBILITY_VERSION = "";
				DYLIB_CURRENT_VERSION = "";
				DYLIB_INSTALL_NAME_BASE = "";
				ENABLE_NS_ASSERTIONS = YES;
				ENABLE_STRICT_OBJC_MSGSEND = NO;
				ENABLE_TESTABILITY = NO;
				EXECUTABLE_PREFIX = lib;
				EXECUTABLE_SUFFIX = .mrx;
				GCC_INLINES_ARE_PRIVATE_EXTERN = NO;
				GCC_NO_COMMON_BLOCKS = NO;
				GCC_OPTIMIZATION_LEVEL = 0;
				GCC_PRECOMPILE_PREFIX_HEADER = YES;
				GCC_PREFIX_HEADER = $PROJECT_DIR/StdAfx.h;
				GCC_PREPROCESSOR_DEFINITIONS = (
					"DEBUG=1",
					_DEBUG,
					__APPLE__,
					__apple__,
					_UNICODE,
					UNICODE,
					_AFXEXT,
					_ACRXAPP,
					BRX_APP,
					__WXOSX__,
					__WXOSX_COCOA__,
					WX30,
					"wxDEBUG_LEVEL=0",
				);
				GCC_WARN_64_TO_32_BIT_CONVERSION = NO;
				GCC_WARN_ABOUT_RETURN_TYPE = NO;
				GCC_WARN_UNDECLARED_SELECTOR = NO;
				GCC_WARN_UNINITIALIZED_AUTOS = NO;
				GCC_WARN_UNUSED_FUNCTION = NO;
				GCC_WARN_UNUSED_VARIABLE = NO;
				HEADER_SEARCH_PATHS = (
					$PROJECT_DIR,
					$BRX18_SDK_PATH/inc,
					$BRX18_SDK_PATH/inc/Platform/substitutes,
					$WXWIDGETS30_PATH/include,
					"$WXWIDGETS30_PATH/build-mac-release/lib/wx/include/osx_cocoa-unicode-static-3.0",
				);
				INSTALL_PATH = "";
				LIBRARY_SEARCH_PATHS = (
					$BRX18_SDK_PATH/lib64,
					"$WXWIDGETS30_PATH/build-mac-release/lib",
				);
				LIBRARY_STYLE = DYNAMIC;
				MACOSX_DEPLOYMENT_TARGET = 10.10;
				MTL_ENABLE_DEBUG_INFO = YES;
				ONLY_ACTIVE_ARCH = YES;
				OTHER_CFLAGS = (
					"-Wno-unused",
					"-Wno-switch",
					"-Wno-ignored-qualifiers",
				);
				OTHER_CPLUSPLUSFLAGS = (
					"$(OTHER_CFLAGS)",
					"-std=c++11",
					"-stdlib=libc++",
					"-mmacosx-version-min=10.9",
				);
				OTHER_LDFLAGS = (
					"-F/Library/Frameworks",
					"-framework",
					CoreFoundation,
					"-framework",
					Cocoa,
					"-framework",
					Carbon,
					"-framework",
					OpenGL,
					"-framework",
					IOKit,
					"-Wl,-headerpad_max_install_names",
					"-Wl,-force_load,$BRX18_SDK_PATH/lib64/libdrx_entrypoint.a",
					"$WXWIDGETS30_PATH/build-mac-release/lib/libwx_baseu-3.0.a",
					"$WXWIDGETS30_PATH/build-mac-release/lib/libwx_baseu_xml-3.0.a",
					"$WXWIDGETS30_PATH/build-mac-release/lib/libwx_osx_cocoau_adv-3.0.a",
					"$WXWIDGETS30_PATH/build-mac-release/lib/libwx_osx_cocoau_core-3.0.a",
					"$WXWIDGETS30_PATH/build-mac-release/lib/libwx_osx_cocoau_xrc-3.0.a",
					"$WXWIDGETS30_PATH/build-mac-release/lib/libwx_osx_cocoau_html-3.0.a",
					"$WXWIDGETS30_PATH/build-mac-release/lib/libwxtiff-3.0.a",
					"$WXWIDGETS30_PATH/build-mac-release/lib/libwxjpeg-3.0.a",
					"$WXWIDGETS30_PATH/build-mac-release/lib/libwxpng-3.0.a",
					"-lexpat",
					"-lz",
					"-lbrx18",
					"-lTD_Root",
					"-lTD_Alloc",
				);
				PRODUCT_NAME = "$(TARGET_NAME)";
				SDKROOT = macosx;
				SKIP_INSTALL = YES;
				USE_HEADERMAP = NO;
			};
			name = Debug;
		};
		51141FB61CAA746500BA346B /* Release */ = {
			isa = XCBuildConfiguration;
			buildSettings = {
				ARCHS = "$(ARCHS_STANDARD_32_64_BIT)";
				CLANG_ANALYZER_NONNULL = NO;
				CLANG_CXX_LANGUAGE_STANDARD = "compiler-default";
				CLANG_CXX_LIBRARY = "compiler-default";
				CLANG_ENABLE_MODULES = NO;
				CLANG_ENABLE_OBJC_ARC = NO;
				CLANG_WARN_BOOL_CONVERSION = "$(CLANG_WARN_SUSPICIOUS_IMPLICIT_CONVERSION)";
				CLANG_WARN_CONSTANT_CONVERSION = "$(CLANG_WARN_SUSPICIOUS_IMPLICIT_CONVERSION)";
				CLANG_WARN_DIRECT_OBJC_ISA_USAGE = YES;
				CLANG_WARN_EMPTY_BODY = NO;
				CLANG_WARN_ENUM_CONVERSION = "$(CLANG_WARN_SUSPICIOUS_IMPLICIT_CONVERSION)";
				CLANG_WARN_INT_CONVERSION = "$(CLANG_WARN_SUSPICIOUS_IMPLICIT_CONVERSION)";
				CLANG_WARN_OBJC_ROOT_CLASS = YES;
				CLANG_WARN_UNREACHABLE_CODE = NO;
				CLANG_WARN__DUPLICATE_METHOD_MATCH = NO;
				CODE_SIGN_IDENTITY = "";
				COMBINE_HIDPI_IMAGES = YES;
				CONFIGURATION_BUILD_DIR = "$(CONFIGURATION)_Mac/x64";
				CONFIGURATION_TEMP_DIR = "$(CONFIGURATION)_Mac/x64";
				COPY_PHASE_STRIP = YES;
				DYLIB_COMPATIBILITY_VERSION = "";
				DYLIB_CURRENT_VERSION = "";
				DYLIB_INSTALL_NAME_BASE = "";
				ENABLE_NS_ASSERTIONS = YES;
				ENABLE_STRICT_OBJC_MSGSEND = NO;
				ENABLE_TESTABILITY = NO;
				EXECUTABLE_PREFIX = lib;
				EXECUTABLE_SUFFIX = .mrx;
				GCC_GENERATE_DEBUGGING_SYMBOLS = NO;
				GCC_INLINES_ARE_PRIVATE_EXTERN = NO;
				GCC_NO_COMMON_BLOCKS = NO;
				GCC_OPTIMIZATION_LEVEL = 3;
				GCC_PRECOMPILE_PREFIX_HEADER = YES;
				GCC_PREFIX_HEADER = $PROJECT_DIR/StdAfx.h;
				GCC_PREPROCESSOR_DEFINITIONS = (
					NDEBUG,
					__APPLE__,
					__apple__,
					_UNICODE,
					UNICODE,
					_AFXEXT,
					_ACRXAPP,
					BRX_APP,
					__WXOSX__,
					__WXOSX_COCOA__,
					WX30,
					"wxDEBUG_LEVEL=0",
				);
				GCC_WARN_64_TO_32_BIT_CONVERSION = NO;
				GCC_WARN_ABOUT_RETURN_TYPE = NO;
				GCC_WARN_UNDECLARED_SELECTOR = NO;
				GCC_WARN_UNINITIALIZED_AUTOS = NO;
				GCC_WARN_UNUSED_FUNCTION = NO;
				GCC_WARN_UNUSED_VARIABLE = NO;
				HEADER_SEARCH_PATHS = (
					$PROJECT_DIR,
					$BRX18_SDK_PATH/inc,
					$BRX18_SDK_PATH/inc/Platform/substitutes,
					$WXWIDGETS30_PATH/include,
					"$WXWIDGETS30_PATH/build-mac-release/lib/wx/include/osx_cocoa-unicode-static-3.0",
				);
				INSTALL_PATH = "";
				LIBRARY_SEARCH_PATHS = (
					$BRX18_SDK_PATH/lib64,
					"$WXWIDGETS30_PATH/build-mac-release/lib",
				);
				LIBRARY_STYLE = DYNAMIC;
				MACOSX_DEPLOYMENT_TARGET = 10.10;
				MTL_ENABLE_DEBUG_INFO = YES;
				ONLY_ACTIVE_ARCH = YES;
				OTHER_CFLAGS = (
					"-Wno-unused",
					"-Wno-switch",
					"-Wno-ignored-qualifiers",
				);
				OTHER_CPLUSPLUSFLAGS = (
					"$(OTHER_CFLAGS)",
					"-std=c++11",
					"-stdlib=libc++",
					"-mmacosx-version-min=10.9",
				);
				OTHER_LDFLAGS = (
					"-F/Library/Frameworks",
					"-framework",
					CoreFoundation,
					"-framework",
					Cocoa,
					"-framework",
					Carbon,
					"-framework",
					OpenGL,
					"-framework",
					IOKit,
					"-Wl,-headerpad_max_install_names",
					"-Wl,-force_load,$BRX18_SDK_PATH/lib64/libdrx_entrypoint.a",
					"$WXWIDGETS30_PATH/build-mac-release/lib/libwx_baseu-3.0.a",
					"$WXWIDGETS30_PATH/build-mac-release/lib/libwx_baseu_xml-3.0.a",
					"$WXWIDGETS30_PATH/build-mac-release/lib/libwx_osx_cocoau_adv-3.0.a",
					"$WXWIDGETS30_PATH/build-mac-release/lib/libwx_osx_cocoau_core-3.0.a",
					"$WXWIDGETS30_PATH/build-mac-release/lib/libwx_osx_cocoau_xrc-3.0.a",
					"$WXWIDGETS30_PATH/build-mac-release/lib/libwx_osx_cocoau_html-3.0.a",
					"$WXWIDGETS30_PATH/build-mac-release/lib/libwxtiff-3.0.a",
					"$WXWIDGETS30_PATH/build-mac-release/lib/libwxjpeg-3.0.a",
					"$WXWIDGETS30_PATH/build-mac-release/lib/libwxpng-3.0.a",
					"-lexpat",
					"-lz",
					"-lbrx18",
					"-lTD_Root",
					"-lTD_Alloc",
				);
				PRODUCT_NAME = "$(TARGET_NAME)";
				SDKROOT = macosx;
				SKIP_INSTALL = YES;
				USE_HEADERMAP = NO;
			};
			name = Release;
		};
		512B55161CB3AFFF00401E82 /* Debug */ = {
			isa = XCBuildConfiguration;
			buildSettings = {
				ARCHS = "$(ARCHS_STANDARD_32_64_BIT)";
				CLANG_ANALYZER_NONNULL = NO;
				CLANG_CXX_LANGUAGE_STANDARD = "compiler-default";
				CLANG_CXX_LIBRARY = "compiler-default";
				CLANG_ENABLE_MODULES = NO;
				CLANG_ENABLE_OBJC_ARC = NO;
				CLANG_WARN_BOOL_CONVERSION = "$(CLANG_WARN_SUSPICIOUS_IMPLICIT_CONVERSION)";
				CLANG_WARN_CONSTANT_CONVERSION = "$(CLANG_WARN_SUSPICIOUS_IMPLICIT_CONVERSION)";
				CLANG_WARN_DIRECT_OBJC_ISA_USAGE = YES;
				CLANG_WARN_EMPTY_BODY = NO;
				CLANG_WARN_ENUM_CONVERSION = "$(CLANG_WARN_SUSPICIOUS_IMPLICIT_CONVERSION)";
				CLANG_WARN_INT_CONVERSION = "$(CLANG_WARN_SUSPICIOUS_IMPLICIT_CONVERSION)";
				CLANG_WARN_OBJC_ROOT_CLASS = YES;
				CLANG_WARN_UNREACHABLE_CODE = NO;
				CLANG_WARN__DUPLICATE_METHOD_MATCH = NO;
				CODE_SIGN_IDENTITY = "";
				COMBINE_HIDPI_IMAGES = YES;
				CONFIGURATION_BUILD_DIR = FullDebug_Mac/x64;
				CONFIGURATION_TEMP_DIR = FullDebug_Mac/x64;
				COPY_PHASE_STRIP = YES;
				DYLIB_COMPATIBILITY_VERSION = "";
				DYLIB_CURRENT_VERSION = "";
				DYLIB_INSTALL_NAME_BASE = "";
				ENABLE_NS_ASSERTIONS = YES;
				ENABLE_STRICT_OBJC_MSGSEND = NO;
				ENABLE_TESTABILITY = NO;
				EXECUTABLE_PREFIX = lib;
				EXECUTABLE_SUFFIX = .mrx;
				GCC_INLINES_ARE_PRIVATE_EXTERN = NO;
				GCC_NO_COMMON_BLOCKS = NO;
				GCC_OPTIMIZATION_LEVEL = 0;
				GCC_PRECOMPILE_PREFIX_HEADER = YES;
				GCC_PREFIX_HEADER = $PROJECT_DIR/StdAfx.h;
				GCC_PREPROCESSOR_DEFINITIONS = (
					"DEBUG=1",
					_DEBUG,
					__APPLE__,
					__apple__,
					_UNICODE,
					UNICODE,
					_AFXEXT,
					_ACRXAPP,
					BRX_APP,
					BRX_INTENTIONAL,
					BRX_BCAD_DEBUG,
					__WXOSX__,
					__WXOSX_COCOA__,
					WX30,
				);
				GCC_WARN_64_TO_32_BIT_CONVERSION = NO;
				GCC_WARN_ABOUT_RETURN_TYPE = NO;
				GCC_WARN_UNDECLARED_SELECTOR = NO;
				GCC_WARN_UNINITIALIZED_AUTOS = NO;
				GCC_WARN_UNUSED_FUNCTION = NO;
				GCC_WARN_UNUSED_VARIABLE = NO;
				HEADER_SEARCH_PATHS = (
					$PROJECT_DIR,
					$BRX_PATH/inc_sdk,
					$BRX_PATH/inc_sdk/Platform/substitutes,
					$WXWIDGETS30_PATH/include,
					"$WXWIDGETS30_PATH/build-mac-debug/lib/wx/include/osx_cocoa-unicode-static-3.0",
				);
				INSTALL_PATH = "";
				LD_DYLIB_INSTALL_NAME = "$(DYLIB_INSTALL_NAME_BASE:standardizepath)/libwxSample.mrx";
				LIBRARY_SEARCH_PATHS = (
					$BRX_PATH/bin/mac/x64/Xcode/Debug,
					$DWGDIRECT_PATH/bin/macdbg/x64,
					"$(WXWIDGETS30_PATH)/build-mac-debug/lib",
				);
				LIBRARY_STYLE = DYNAMIC;
				MACOSX_DEPLOYMENT_TARGET = 10.10;
				MTL_ENABLE_DEBUG_INFO = YES;
				ONLY_ACTIVE_ARCH = YES;
				OTHER_CFLAGS = (
					"-Wno-unused",
					"-Wno-switch",
					"-Wno-ignored-qualifiers",
				);
				OTHER_CPLUSPLUSFLAGS = (
					"$(OTHER_CFLAGS)",
					"-std=c++11",
					"-stdlib=libc++",
					"-mmacosx-version-min=10.9",
				);
				OTHER_LDFLAGS = (
					"-F/Library/Frameworks",
					"-framework",
					CoreFoundation,
					"-framework",
					Cocoa,
					"-framework",
					Carbon,
					"-framework",
					OpenGL,
					"-framework",
					IOKit,
					"-Wl,-headerpad_max_install_names",
					"-Wl,-force_load,$BRX_PATH/lib/mac/x64/Xcode/Debug/libdrx_entrypoint.a",
					"$WXWIDGETS30_PATH/build-mac-debug/lib/libwx_baseu-3.0.a",
					"$WXWIDGETS30_PATH/build-mac-debug/lib/libwx_baseu_xml-3.0.a",
					"$WXWIDGETS30_PATH/build-mac-debug/lib/libwx_osx_cocoau_adv-3.0.a",
					"$WXWIDGETS30_PATH/build-mac-debug/lib/libwx_osx_cocoau_core-3.0.a",
					"$WXWIDGETS30_PATH/build-mac-debug/lib/libwx_osx_cocoau_xrc-3.0.a",
					"$WXWIDGETS30_PATH/build-mac-debug/lib/libwx_osx_cocoau_html-3.0.a",
					"$WXWIDGETS30_PATH/build-mac-debug/lib/libwxtiff-3.0.a",
					"$WXWIDGETS30_PATH/build-mac-debug/lib/libwxjpeg-3.0.a",
					"$WXWIDGETS30_PATH/build-mac-debug/lib/libwxpng-3.0.a",
					"-lexpat",
					"-lz",
					"-lbrx18",
					"-lTD_Root",
					"-lTD_Alloc",
				);
				PRODUCT_NAME = wxSample;
				SDKROOT = macosx;
				SKIP_INSTALL = YES;
				USE_HEADERMAP = NO;
			};
			name = Debug;
		};
		512B55171CB3AFFF00401E82 /* Release */ = {
			isa = XCBuildConfiguration;
			buildSettings = {
				ARCHS = "$(ARCHS_STANDARD_32_64_BIT)";
				CLANG_ANALYZER_NONNULL = NO;
				CLANG_CXX_LANGUAGE_STANDARD = "compiler-default";
				CLANG_CXX_LIBRARY = "compiler-default";
				CLANG_ENABLE_MODULES = NO;
				CLANG_ENABLE_OBJC_ARC = NO;
				CLANG_WARN_BOOL_CONVERSION = "$(CLANG_WARN_SUSPICIOUS_IMPLICIT_CONVERSION)";
				CLANG_WARN_CONSTANT_CONVERSION = "$(CLANG_WARN_SUSPICIOUS_IMPLICIT_CONVERSION)";
				CLANG_WARN_DIRECT_OBJC_ISA_USAGE = YES;
				CLANG_WARN_EMPTY_BODY = NO;
				CLANG_WARN_ENUM_CONVERSION = "$(CLANG_WARN_SUSPICIOUS_IMPLICIT_CONVERSION)";
				CLANG_WARN_INT_CONVERSION = "$(CLANG_WARN_SUSPICIOUS_IMPLICIT_CONVERSION)";
				CLANG_WARN_OBJC_ROOT_CLASS = YES;
				CLANG_WARN_UNREACHABLE_CODE = NO;
				CLANG_WARN__DUPLICATE_METHOD_MATCH = NO;
				CODE_SIGN_IDENTITY = "";
				COMBINE_HIDPI_IMAGES = YES;
				CONFIGURATION_BUILD_DIR = FullDebug_Mac/x64;
				CONFIGURATION_TEMP_DIR = FullDebug_Mac/x64;
				COPY_PHASE_STRIP = YES;
				DYLIB_COMPATIBILITY_VERSION = "";
				DYLIB_CURRENT_VERSION = "";
				DYLIB_INSTALL_NAME_BASE = "";
				ENABLE_NS_ASSERTIONS = YES;
				ENABLE_STRICT_OBJC_MSGSEND = NO;
				ENABLE_TESTABILITY = NO;
				EXECUTABLE_PREFIX = lib;
				EXECUTABLE_SUFFIX = .mrx;
				GCC_GENERATE_DEBUGGING_SYMBOLS = NO;
				GCC_INLINES_ARE_PRIVATE_EXTERN = NO;
				GCC_NO_COMMON_BLOCKS = NO;
				GCC_OPTIMIZATION_LEVEL = 0;
				GCC_PRECOMPILE_PREFIX_HEADER = YES;
				GCC_PREFIX_HEADER = $PROJECT_DIR/StdAfx.h;
				GCC_PREPROCESSOR_DEFINITIONS = (
					"DEBUG=1",
					_DEBUG,
					__APPLE__,
					__apple__,
					_UNICODE,
					UNICODE,
					_AFXEXT,
					_ACRXAPP,
					BRX_APP,
					BRX_INTENTIONAL,
					BRX_BCAD_DEBUG,
					__WXOSX__,
					__WXOSX_COCOA__,
					WX30,
				);
				GCC_WARN_64_TO_32_BIT_CONVERSION = NO;
				GCC_WARN_ABOUT_RETURN_TYPE = NO;
				GCC_WARN_UNDECLARED_SELECTOR = NO;
				GCC_WARN_UNINITIALIZED_AUTOS = NO;
				GCC_WARN_UNUSED_FUNCTION = NO;
				GCC_WARN_UNUSED_VARIABLE = NO;
				HEADER_SEARCH_PATHS = (
					$PROJECT_DIR,
					$BRX_PATH/inc_sdk,
					$BRX_PATH/inc_sdk/Platform/substitutes,
					$WXWIDGETS30_PATH/include,
					"$WXWIDGETS30_PATH/build-mac-debug/lib/wx/include/osx_cocoa-unicode-static-3.0",
				);
				INSTALL_PATH = "";
				LD_DYLIB_INSTALL_NAME = "$(DYLIB_INSTALL_NAME_BASE:standardizepath)/libwxSample.mrx";
				LIBRARY_SEARCH_PATHS = (
					$BRX_PATH/bin/mac/x64/Xcode/Debug,
					$DWGDIRECT_PATH/bin/macdbg/x64,
					"$(WXWIDGETS30_PATH)/build-mac-debug/lib",
				);
				LIBRARY_STYLE = DYNAMIC;
				MACOSX_DEPLOYMENT_TARGET = 10.10;
				MTL_ENABLE_DEBUG_INFO = YES;
				ONLY_ACTIVE_ARCH = YES;
				OTHER_CFLAGS = (
					"-Wno-unused",
					"-Wno-switch",
					"-Wno-ignored-qualifiers",
				);
				OTHER_CPLUSPLUSFLAGS = (
					"$(OTHER_CFLAGS)",
					"-std=c++11",
					"-stdlib=libc++",
					"-mmacosx-version-min=10.9",
				);
				OTHER_LDFLAGS = (
					"-F/Library/Frameworks",
					"-framework",
					CoreFoundation,
					"-framework",
					Cocoa,
					"-framework",
					Carbon,
					"-framework",
					OpenGL,
					"-framework",
					IOKit,
					"-Wl,-headerpad_max_install_names",
					"-Wl,-force_load,$BRX_PATH/lib/mac/x64/Xcode/Debug/libdrx_entrypoint.a",
					"$WXWIDGETS30_PATH/build-mac-debug/lib/libwx_baseu-3.0.a",
					"$WXWIDGETS30_PATH/build-mac-debug/lib/libwx_baseu_xml-3.0.a",
					"$WXWIDGETS30_PATH/build-mac-debug/lib/libwx_osx_cocoau_adv-3.0.a",
					"$WXWIDGETS30_PATH/build-mac-debug/lib/libwx_osx_cocoau_core-3.0.a",
					"$WXWIDGETS30_PATH/build-mac-debug/lib/libwx_osx_cocoau_xrc-3.0.a",
					"$WXWIDGETS30_PATH/build-mac-debug/lib/libwx_osx_cocoau_html-3.0.a",
					"$WXWIDGETS30_PATH/build-mac-debug/lib/libwxtiff-3.0.a",
					"$WXWIDGETS30_PATH/build-mac-debug/lib/libwxjpeg-3.0.a",
					"$WXWIDGETS30_PATH/build-mac-debug/lib/libwxpng-3.0.a",
					"-lexpat",
					"-lz",
					"-lbrx18",
					"-lTD_Root",
					"-lTD_Alloc",
				);
				PRODUCT_NAME = wxSample;
				SDKROOT = macosx;
				SKIP_INSTALL = YES;
				USE_HEADERMAP = NO;
			};
			name = Release;
		};
/* End XCBuildConfiguration section */

/* Begin XCConfigurationList section */
		51141FA61CAA746500BA346B /* Build configuration list for PBXProject "Sample" */ = {
			isa = XCConfigurationList;
			buildConfigurations = (
				51141FB21CAA746500BA346B /* Debug */,
				51141FB31CAA746500BA346B /* Release */,
			);
			defaultConfigurationIsVisible = 0;
			defaultConfigurationName = Release;
		};
		51141FB41CAA746500BA346B /* Build configuration list for PBXNativeTarget "wxSample" */ = {
			isa = XCConfigurationList;
			buildConfigurations = (
				51141FB51CAA746500BA346B /* Debug */,
				51141FB61CAA746500BA346B /* Release */,
			);
			defaultConfigurationIsVisible = 0;
			defaultConfigurationName = Release;
		};
		512B55151CB3AFFF00401E82 /* Build configuration list for PBXNativeTarget "wxSample_FullDebug" */ = {
			isa = XCConfigurationList;
			buildConfigurations = (
				512B55161CB3AFFF00401E82 /* Debug */,
				512B55171CB3AFFF00401E82 /* Release */,
			);
			defaultConfigurationIsVisible = 0;
			defaultConfigurationName = Release;
		};
/* End XCConfigurationList section */
	};
	rootObject = 51141FA31CAA746500BA346B /* Project object */;
}
