<?xml version="1.0" encoding="UTF-8" standalone="yes" ?>
<CodeBlocks_project_file>
	<FileVersion major="1" minor="6" />
	<Project>
		<Option title="Sample" />
		<Option pch_mode="0" />
		<Option compiler="gcc" />
		<Build>
			<Target title="Debug_x64">
				<Option output="./Debug_Linux/x64/Sample.lrx" prefix_auto="0" extension_auto="0" />
				<Option object_output="./Debug_Linux/x64" />
				<Option type="3" />
				<Option compiler="gcc" />
				<Option host_application="/home/arturs/dev/bricscad/bin/gcc4/x64/Release/bricscad" />
				<Option run_host_application_in_terminal="0" />
				<Option createDefFile="1" />
				<Option createStaticLib="1" />
				<Compiler>
					<Add option="-Wall" />
					<Add option="-std=c++0x" />
					<Add option="-fPIC" />
					<Add option="-g" />
					<Add option="-O0" />
					<Add option="-frtti" />
					<Add option="-fno-signed-zeros" />
					<Add option="-fvisibility=default" />
					<Add option="-Wno-sign-compare" />
					<Add option="-Wno-sign-conversion" />
					<Add option="-Wno-empty-body" />
					<Add option="-Wno-reorder" />
					<Add option="-Wno-parentheses" />
					<Add option="-Wno-switch" />
					<Add option="-Wno-unused-parameter" />
					<Add option="-Wno-unused-function" />
					<Add option="-Wno-unused-variable" />
					<Add option="-Wno-unused-label" />
					<Add option="-Wno-unknown-pragmas" />
					<Add option="-Wno-comment" />
					<Add option="-Wno-strict-aliasing" />
					<Add option="-Wno-unused-but-set-variable" />
					<Add option="-Wno-unused-value" />
					<Add option="-Wno-attributes" />
					<Add option="-D_UNICODE" />
					<Add option="-DUNICODE" />
					<Add option="-D_DEBUG" />
					<Add option="-D_AFXEXT" />
					<Add option="-D_ACRXAPP" />
					<Add option="-DBRX_APP" />
					<Add option="-D_FILE_OFFSET_BITS=64" />
					<Add option="-D_LARGE_FILES" />
					<Add option="-D__BRXTARGET=23" />
					<Add directory="./" />
					<Add directory="$(BRX23_SDK_PATH)/inc" />
					<Add directory="$(BRX23_SDK_PATH)/inc/Platform/substitutes" />
				</Compiler>
				<ResourceCompiler>
					<Add directory="$(BRX23_SDK_PATH)/inc" />
				</ResourceCompiler>
				<Linker>
					<Add option="-Wl,-whole-archive $(BRX23_SDK_PATH)/lib64/libdrx_entrypoint.a -Wl,-no-whole-archive" />
					<Add library="brx23" />
					<Add library="TD_Alloc" />
					<Add library="TD_Root" />
					<Add directory="$(BRX23_SDK_PATH)/lib64" />
				</Linker>
			</Target>
			<Target title="Release_x64">
				<Option output="./Release_Linux/x64/Sample.lrx" prefix_auto="0" extension_auto="0" />
				<Option object_output="./Release_Linux/x64" />
				<Option type="3" />
				<Option compiler="gcc" />
				<Option createDefFile="1" />
				<Option createStaticLib="1" />
				<Compiler>
					<Add option="-O2" />
					<Add option="-Wall" />
					<Add option="-std=c++0x" />
					<Add option="-fPIC" />
					<Add option="-frtti" />
					<Add option="-fno-signed-zeros" />
					<Add option="-fvisibility=default" />
					<Add option="-Wno-sign-compare" />
					<Add option="-Wno-sign-conversion" />
					<Add option="-Wno-empty-body" />
					<Add option="-Wno-reorder" />
					<Add option="-Wno-parentheses" />
					<Add option="-Wno-switch" />
					<Add option="-Wno-unused-parameter" />
					<Add option="-Wno-unused-function" />
					<Add option="-Wno-unused-variable" />
					<Add option="-Wno-unused-label" />
					<Add option="-Wno-unknown-pragmas" />
					<Add option="-Wno-comment" />
					<Add option="-Wno-strict-aliasing" />
					<Add option="-Wno-unused-but-set-variable" />
					<Add option="-Wno-unused-value" />
					<Add option="-Wno-attributes" />
					<Add option="-D_UNICODE" />
					<Add option="-DUNICODE" />
					<Add option="-DNDEBUG" />
					<Add option="-D_AFXEXT" />
					<Add option="-D_ACRXAPP" />
					<Add option="-DBRX_APP" />
					<Add option="-D_FILE_OFFSET_BITS=64" />
					<Add option="-D_LARGE_FILES" />
					<Add option="-D__BRXTARGET=23" />
					<Add directory="./" />
					<Add directory="$(BRX23_SDK_PATH)/inc" />
					<Add directory="$(BRX23_SDK_PATH)/inc/Platform/substitutes" />
				</Compiler>
				<ResourceCompiler>
					<Add directory="$(BRX23_SDK_PATH)/inc" />
				</ResourceCompiler>
				<Linker>
					<Add option="-Wl,-whole-archive $(BRX23_SDK_PATH)/lib64/libdrx_entrypoint.a -Wl,-no-whole-archive" />
					<Add library="brx23" />
					<Add library="TD_Alloc" />
					<Add library="TD_Root" />
					<Add directory="$(BRX23_SDK_PATH)/lib64" />
				</Linker>
			</Target>
			<Target title="FullDebug_x64">
				<Option output="./FullDebug_Linux/x64/Sample.lrx" prefix_auto="0" extension_auto="0" />
				<Option object_output="./FullDebug_Linux/x64" />
				<Option external_deps="$(BRX_PATH)/bin/gcc4/x64/Debug/libbrx23.so;" />
				<Option type="3" />
				<Option compiler="gcc" />
				<Option createDefFile="1" />
				<Option createStaticLib="1" />
				<Compiler>
					<Add option="-Wall" />
					<Add option="-std=c++0x" />
					<Add option="-fPIC" />
					<Add option="-m64" />
					<Add option="-g" />
					<Add option="-O0" />
					<Add option="-frtti" />
					<Add option="-fcheck-new" />
					<Add option="-fvisibility=default" />
					<Add option="-Wno-sign-compare" />
					<Add option="-Wno-sign-conversion" />
					<Add option="-Wno-empty-body" />
					<Add option="-Wno-reorder" />
					<Add option="-Wno-parentheses" />
					<Add option="-Wno-switch" />
					<Add option="-Wno-unused-parameter" />
					<Add option="-Wno-unused-function" />
					<Add option="-Wno-unused-variable" />
					<Add option="-Wno-unused-label" />
					<Add option="-Wno-unknown-pragmas" />
					<Add option="-Wno-comment" />
					<Add option="-Wno-strict-aliasing" />
					<Add option="-Wno-deprecated" />
					<Add option="-Wno-deprecated-declarations" />
					<Add option="-Wno-unused-but-set-variable" />
					<Add option="-Wno-unused-value" />
					<Add option="-Wno-attributes" />
					<Add option="-D_UNICODE" />
					<Add option="-DUNICODE" />
					<Add option="-D_DEBUG" />
					<Add option="-D_AFXEXT" />
					<Add option="-D_ACRXAPP" />
					<Add option="-DBRX_APP" />
					<Add option="-DBRX_INTENTIONAL" />
					<Add option="-DBRX_BCAD_DEBUG" />
					<Add option="-D_FILE_OFFSET_BITS=64" />
					<Add option="-D_LARGE_FILES" />
					<Add option="-DNO_DEBUG_SESSION" />
					<Add option="-D__BRXTARGET=23" />
					<Add directory="." />
					<Add directory="$(BRX_PATH)/inc_sdk" />
					<Add directory="$(BRX_PATH)/inc_sdk/Platform/substitutes" />
					<Add directory="$(DWGDIRECT_PATH)" />
					<Add directory="$(DWGDIRECT_PATH)/Include" />
				</Compiler>
				<ResourceCompiler>
					<Add directory="." />
					<Add directory="$(BRX_PATH)/inc_sdk" />
				</ResourceCompiler>
				<Linker>
					<Add option="-m64" />
					<Add option="-Wl,-whole-archive $(BRX_PATH)/lib/gcc4/x64/Debug/libdrx_entrypoint.a -Wl,-no-whole-archive" />
					<Add library="brx23" />
					<Add library="TD_Alloc" />
					<Add library="TD_Root" />
					<Add directory="$(BRX_PATH)/bin/gcc4/x64/Debug" />
					<Add directory="$(DWGDIRECT_PATH)/bin/gcc4dbg/x64" />
				</Linker>
			</Target>
		</Build>
		<Unit filename="Sample.cpp" />
		<Unit filename="Sample.rc">
			<Option compile="0" />
			<Option link="0" />
		</Unit>
		<Unit filename="StdAfx.cpp" />
		<Unit filename="StdAfx.h">
			<Option compile="1" />
			<Option weight="0" />
		</Unit>
		<Unit filename="acrxEntryPoint.cpp" />
		<Unit filename="arx_version.h" />
		<Unit filename="cmd/cmdCom.cpp">
			<Option compile="0" />
			<Option link="0" />
		</Unit>
		<Unit filename="cmd/cmdCom.h" />
		<Unit filename="cmd/cmdDbx.cpp" />
		<Unit filename="cmd/cmdDbx.h" />
		<Unit filename="cmd/cmdGui.cpp">
			<Option compile="0" />
			<Option link="0" />
		</Unit>
		<Unit filename="cmd/cmdGui.h" />
		<Unit filename="dbx/MyEntity.cpp" />
		<Unit filename="dbx/MyEntity.h" />
		<Unit filename="dbx/MyOPMExtension.cpp" />
		<Unit filename="dbx/MyOPMExtension.h" />
		<Unit filename="gui/MyDialogBar.cpp">
			<Option compile="0" />
			<Option link="0" />
		</Unit>
		<Unit filename="gui/MyDialogBar.h" />
		<Unit filename="gui/MyQuadExtension.cpp" />
		<Unit filename="gui/MyQuadExtension.h" />
		<Unit filename="gui/MyRibbonContent.cpp" />
		<Unit filename="gui/MyRibbonContent.h" />
		<Unit filename="resource.h" />
		<Unit filename="sys_version.h" />
		<Extensions>
			<envvars />
			<code_completion />
			<debugger />
		</Extensions>
	</Project>
</CodeBlocks_project_file>
