
Microsoft Visual Studio Solution File, Format Version 12.00
# Visual Studio Version 16
VisualStudioVersion = 16.0.31424.327
MinimumVisualStudioVersion = 10.0.40219.1
Project("{FAE04EC0-301F-11D3-BF4B-00C04F79EFBC}") = "CsBrxMgd", "CsBrxMgd\CsBrxMgd.csproj", "{3174C469-9F53-421A-BD87-D5CEDAEF9F53}"
EndProject
Global
	GlobalSection(SolutionConfigurationPlatforms) = preSolution
		Debug|x64 = Debug|x64
		Release|x64 = Release|x64
	EndGlobalSection
	GlobalSection(ProjectConfigurationPlatforms) = postSolution
		{3174C469-9F53-421A-BD87-D5CEDAEF9F53}.Debug|x64.ActiveCfg = Debug|x64
		{3174C469-9F53-421A-BD87-D5CEDAEF9F53}.Debug|x64.Build.0 = Debug|x64
		{3174C469-9F53-421A-BD87-D5CEDAEF9F53}.Release|x64.ActiveCfg = Release|x64
		{3174C469-9F53-421A-BD87-D5CEDAEF9F53}.Release|x64.Build.0 = Release|x64
	EndGlobalSection
	GlobalSection(SolutionProperties) = preSolution
		HideSolutionNode = FALSE
	EndGlobalSection
	GlobalSection(ExtensibilityGlobals) = postSolution
		SolutionGuid = {8080F84E-BB2F-4F95-A50A-3A68372C2DC2}
	EndGlobalSection
EndGlobal
