
Microsoft Visual Studio Solution File, Format Version 12.00
# Visual Studio 15
VisualStudioVersion = 15.0.28010.2003
MinimumVisualStudioVersion = 10.0.40219.1
Project("{8BC9CEB8-8B4A-11D0-8D11-00A0C91BC942}") = "Sample-brx16", "build\BRX16\Sample-brx16.vcxproj", "{3E6D5C01-5BED-4CDC-806A-08AB05A33A71}"
EndProject
Project("{8BC9CEB8-8B4A-11D0-8D11-00A0C91BC942}") = "Sample-arx20", "build\ARX20\Sample-arx20.vcxproj", "{1F85D08F-1096-40C4-93F7-B2705A5593C2}"
EndProject
Project("{8BC9CEB8-8B4A-11D0-8D11-00A0C91BC942}") = "Sample-arx20_1", "build\ARX20_1\Sample-arx20_1.vcxproj", "{B86E38AA-F3CA-4437-AA17-0E3F3892F263}"
EndProject
Project("{8BC9CEB8-8B4A-11D0-8D11-00A0C91BC942}") = "Sample-arx19", "build\ARX19\Sample-arx19.vcxproj", "{FD5DCBAE-ED6D-4AB1-8FED-A373153F1B87}"
EndProject
Project("{8BC9CEB8-8B4A-11D0-8D11-00A0C91BC942}") = "Sample-brx15", "build\BRX15\Sample-brx15.vcxproj", "{25F2ACE8-5D4D-4DD2-B937-520F7A0B03D8}"
EndProject
Project("{8BC9CEB8-8B4A-11D0-8D11-00A0C91BC942}") = "Sample-brx14", "build\BRX14\Sample-brx14.vcxproj", "{03A364E2-8781-42EE-9018-A45602BEBE26}"
EndProject
Project("{8BC9CEB8-8B4A-11D0-8D11-00A0C91BC942}") = "Sample-brx17", "build\BRX17\Sample-brx17.vcxproj", "{CADCD9C5-BA9B-42BA-A1FC-B3FCC4B0C5EB}"
EndProject
Project("{8BC9CEB8-8B4A-11D0-8D11-00A0C91BC942}") = "Sample-brx18", "build\BRX18\Sample-brx18.vcxproj", "{0FE66220-9C26-4285-AA95-1FB5BE9A3CA8}"
EndProject
Project("{8BC9CEB8-8B4A-11D0-8D11-00A0C91BC942}") = "Sample-brx19", "build\BRX19\Sample-brx19.vcxproj", "{492A0AF1-4E70-47AA-96A9-BF95E2A57FB5}"
EndProject
Global
	GlobalSection(SolutionConfigurationPlatforms) = preSolution
		Debug|Win32 = Debug|Win32
		Debug|x64 = Debug|x64
		FullDebug|Win32 = FullDebug|Win32
		FullDebug|x64 = FullDebug|x64
		Release|Win32 = Release|Win32
		Release|x64 = Release|x64
	EndGlobalSection
	GlobalSection(ProjectConfigurationPlatforms) = postSolution
		{3E6D5C01-5BED-4CDC-806A-08AB05A33A71}.Debug|Win32.ActiveCfg = Debug|Win32
		{3E6D5C01-5BED-4CDC-806A-08AB05A33A71}.Debug|Win32.Build.0 = Debug|Win32
		{3E6D5C01-5BED-4CDC-806A-08AB05A33A71}.Debug|x64.ActiveCfg = Debug|x64
		{3E6D5C01-5BED-4CDC-806A-08AB05A33A71}.Debug|x64.Build.0 = Debug|x64
		{3E6D5C01-5BED-4CDC-806A-08AB05A33A71}.FullDebug|Win32.ActiveCfg = FullDebug|Win32
		{3E6D5C01-5BED-4CDC-806A-08AB05A33A71}.FullDebug|Win32.Build.0 = FullDebug|Win32
		{3E6D5C01-5BED-4CDC-806A-08AB05A33A71}.FullDebug|x64.ActiveCfg = FullDebug|x64
		{3E6D5C01-5BED-4CDC-806A-08AB05A33A71}.FullDebug|x64.Build.0 = FullDebug|x64
		{3E6D5C01-5BED-4CDC-806A-08AB05A33A71}.Release|Win32.ActiveCfg = Release|Win32
		{3E6D5C01-5BED-4CDC-806A-08AB05A33A71}.Release|Win32.Build.0 = Release|Win32
		{3E6D5C01-5BED-4CDC-806A-08AB05A33A71}.Release|x64.ActiveCfg = Release|x64
		{3E6D5C01-5BED-4CDC-806A-08AB05A33A71}.Release|x64.Build.0 = Release|x64
		{1F85D08F-1096-40C4-93F7-B2705A5593C2}.Debug|Win32.ActiveCfg = Debug|Win32
		{1F85D08F-1096-40C4-93F7-B2705A5593C2}.Debug|Win32.Build.0 = Debug|Win32
		{1F85D08F-1096-40C4-93F7-B2705A5593C2}.Debug|x64.ActiveCfg = Debug|x64
		{1F85D08F-1096-40C4-93F7-B2705A5593C2}.Debug|x64.Build.0 = Debug|x64
		{1F85D08F-1096-40C4-93F7-B2705A5593C2}.FullDebug|Win32.ActiveCfg = Debug|Win32
		{1F85D08F-1096-40C4-93F7-B2705A5593C2}.FullDebug|Win32.Build.0 = Debug|Win32
		{1F85D08F-1096-40C4-93F7-B2705A5593C2}.FullDebug|x64.ActiveCfg = Debug|x64
		{1F85D08F-1096-40C4-93F7-B2705A5593C2}.FullDebug|x64.Build.0 = Debug|x64
		{1F85D08F-1096-40C4-93F7-B2705A5593C2}.Release|Win32.ActiveCfg = Release|Win32
		{1F85D08F-1096-40C4-93F7-B2705A5593C2}.Release|Win32.Build.0 = Release|Win32
		{1F85D08F-1096-40C4-93F7-B2705A5593C2}.Release|x64.ActiveCfg = Release|x64
		{1F85D08F-1096-40C4-93F7-B2705A5593C2}.Release|x64.Build.0 = Release|x64
		{B86E38AA-F3CA-4437-AA17-0E3F3892F263}.Debug|Win32.ActiveCfg = Debug|Win32
		{B86E38AA-F3CA-4437-AA17-0E3F3892F263}.Debug|Win32.Build.0 = Debug|Win32
		{B86E38AA-F3CA-4437-AA17-0E3F3892F263}.Debug|x64.ActiveCfg = Debug|x64
		{B86E38AA-F3CA-4437-AA17-0E3F3892F263}.Debug|x64.Build.0 = Debug|x64
		{B86E38AA-F3CA-4437-AA17-0E3F3892F263}.FullDebug|Win32.ActiveCfg = Debug|Win32
		{B86E38AA-F3CA-4437-AA17-0E3F3892F263}.FullDebug|Win32.Build.0 = Debug|Win32
		{B86E38AA-F3CA-4437-AA17-0E3F3892F263}.FullDebug|x64.ActiveCfg = Debug|x64
		{B86E38AA-F3CA-4437-AA17-0E3F3892F263}.FullDebug|x64.Build.0 = Debug|x64
		{B86E38AA-F3CA-4437-AA17-0E3F3892F263}.Release|Win32.ActiveCfg = Release|Win32
		{B86E38AA-F3CA-4437-AA17-0E3F3892F263}.Release|Win32.Build.0 = Release|Win32
		{B86E38AA-F3CA-4437-AA17-0E3F3892F263}.Release|x64.ActiveCfg = Release|x64
		{B86E38AA-F3CA-4437-AA17-0E3F3892F263}.Release|x64.Build.0 = Release|x64
		{FD5DCBAE-ED6D-4AB1-8FED-A373153F1B87}.Debug|Win32.ActiveCfg = Debug|Win32
		{FD5DCBAE-ED6D-4AB1-8FED-A373153F1B87}.Debug|Win32.Build.0 = Debug|Win32
		{FD5DCBAE-ED6D-4AB1-8FED-A373153F1B87}.Debug|x64.ActiveCfg = Debug|x64
		{FD5DCBAE-ED6D-4AB1-8FED-A373153F1B87}.Debug|x64.Build.0 = Debug|x64
		{FD5DCBAE-ED6D-4AB1-8FED-A373153F1B87}.FullDebug|Win32.ActiveCfg = Debug|Win32
		{FD5DCBAE-ED6D-4AB1-8FED-A373153F1B87}.FullDebug|Win32.Build.0 = Debug|Win32
		{FD5DCBAE-ED6D-4AB1-8FED-A373153F1B87}.FullDebug|x64.ActiveCfg = Debug|x64
		{FD5DCBAE-ED6D-4AB1-8FED-A373153F1B87}.FullDebug|x64.Build.0 = Debug|x64
		{FD5DCBAE-ED6D-4AB1-8FED-A373153F1B87}.Release|Win32.ActiveCfg = Release|Win32
		{FD5DCBAE-ED6D-4AB1-8FED-A373153F1B87}.Release|Win32.Build.0 = Release|Win32
		{FD5DCBAE-ED6D-4AB1-8FED-A373153F1B87}.Release|x64.ActiveCfg = Release|x64
		{FD5DCBAE-ED6D-4AB1-8FED-A373153F1B87}.Release|x64.Build.0 = Release|x64
		{25F2ACE8-5D4D-4DD2-B937-520F7A0B03D8}.Debug|Win32.ActiveCfg = Debug|Win32
		{25F2ACE8-5D4D-4DD2-B937-520F7A0B03D8}.Debug|Win32.Build.0 = Debug|Win32
		{25F2ACE8-5D4D-4DD2-B937-520F7A0B03D8}.Debug|x64.ActiveCfg = Debug|x64
		{25F2ACE8-5D4D-4DD2-B937-520F7A0B03D8}.Debug|x64.Build.0 = Debug|x64
		{25F2ACE8-5D4D-4DD2-B937-520F7A0B03D8}.FullDebug|Win32.ActiveCfg = FullDebug|Win32
		{25F2ACE8-5D4D-4DD2-B937-520F7A0B03D8}.FullDebug|Win32.Build.0 = FullDebug|Win32
		{25F2ACE8-5D4D-4DD2-B937-520F7A0B03D8}.FullDebug|x64.ActiveCfg = FullDebug|x64
		{25F2ACE8-5D4D-4DD2-B937-520F7A0B03D8}.FullDebug|x64.Build.0 = FullDebug|x64
		{25F2ACE8-5D4D-4DD2-B937-520F7A0B03D8}.Release|Win32.ActiveCfg = Release|Win32
		{25F2ACE8-5D4D-4DD2-B937-520F7A0B03D8}.Release|Win32.Build.0 = Release|Win32
		{25F2ACE8-5D4D-4DD2-B937-520F7A0B03D8}.Release|x64.ActiveCfg = Release|x64
		{25F2ACE8-5D4D-4DD2-B937-520F7A0B03D8}.Release|x64.Build.0 = Release|x64
		{03A364E2-8781-42EE-9018-A45602BEBE26}.Debug|Win32.ActiveCfg = Debug|Win32
		{03A364E2-8781-42EE-9018-A45602BEBE26}.Debug|Win32.Build.0 = Debug|Win32
		{03A364E2-8781-42EE-9018-A45602BEBE26}.Debug|x64.ActiveCfg = Debug|x64
		{03A364E2-8781-42EE-9018-A45602BEBE26}.Debug|x64.Build.0 = Debug|x64
		{03A364E2-8781-42EE-9018-A45602BEBE26}.FullDebug|Win32.ActiveCfg = FullDebug|Win32
		{03A364E2-8781-42EE-9018-A45602BEBE26}.FullDebug|Win32.Build.0 = FullDebug|Win32
		{03A364E2-8781-42EE-9018-A45602BEBE26}.FullDebug|x64.ActiveCfg = FullDebug|x64
		{03A364E2-8781-42EE-9018-A45602BEBE26}.FullDebug|x64.Build.0 = FullDebug|x64
		{03A364E2-8781-42EE-9018-A45602BEBE26}.Release|Win32.ActiveCfg = Release|Win32
		{03A364E2-8781-42EE-9018-A45602BEBE26}.Release|Win32.Build.0 = Release|Win32
		{03A364E2-8781-42EE-9018-A45602BEBE26}.Release|x64.ActiveCfg = Release|x64
		{03A364E2-8781-42EE-9018-A45602BEBE26}.Release|x64.Build.0 = Release|x64
		{CADCD9C5-BA9B-42BA-A1FC-B3FCC4B0C5EB}.Debug|Win32.ActiveCfg = Debug|Win32
		{CADCD9C5-BA9B-42BA-A1FC-B3FCC4B0C5EB}.Debug|Win32.Build.0 = Debug|Win32
		{CADCD9C5-BA9B-42BA-A1FC-B3FCC4B0C5EB}.Debug|x64.ActiveCfg = Debug|x64
		{CADCD9C5-BA9B-42BA-A1FC-B3FCC4B0C5EB}.Debug|x64.Build.0 = Debug|x64
		{CADCD9C5-BA9B-42BA-A1FC-B3FCC4B0C5EB}.FullDebug|Win32.ActiveCfg = FullDebug|Win32
		{CADCD9C5-BA9B-42BA-A1FC-B3FCC4B0C5EB}.FullDebug|Win32.Build.0 = FullDebug|Win32
		{CADCD9C5-BA9B-42BA-A1FC-B3FCC4B0C5EB}.FullDebug|x64.ActiveCfg = FullDebug|x64
		{CADCD9C5-BA9B-42BA-A1FC-B3FCC4B0C5EB}.FullDebug|x64.Build.0 = FullDebug|x64
		{CADCD9C5-BA9B-42BA-A1FC-B3FCC4B0C5EB}.Release|Win32.ActiveCfg = Release|Win32
		{CADCD9C5-BA9B-42BA-A1FC-B3FCC4B0C5EB}.Release|Win32.Build.0 = Release|Win32
		{CADCD9C5-BA9B-42BA-A1FC-B3FCC4B0C5EB}.Release|x64.ActiveCfg = Release|x64
		{CADCD9C5-BA9B-42BA-A1FC-B3FCC4B0C5EB}.Release|x64.Build.0 = Release|x64
		{0FE66220-9C26-4285-AA95-1FB5BE9A3CA8}.Debug|Win32.ActiveCfg = Debug|Win32
		{0FE66220-9C26-4285-AA95-1FB5BE9A3CA8}.Debug|Win32.Build.0 = Debug|Win32
		{0FE66220-9C26-4285-AA95-1FB5BE9A3CA8}.Debug|x64.ActiveCfg = Debug|x64
		{0FE66220-9C26-4285-AA95-1FB5BE9A3CA8}.Debug|x64.Build.0 = Debug|x64
		{0FE66220-9C26-4285-AA95-1FB5BE9A3CA8}.FullDebug|Win32.ActiveCfg = FullDebug|Win32
		{0FE66220-9C26-4285-AA95-1FB5BE9A3CA8}.FullDebug|Win32.Build.0 = FullDebug|Win32
		{0FE66220-9C26-4285-AA95-1FB5BE9A3CA8}.FullDebug|x64.ActiveCfg = FullDebug|x64
		{0FE66220-9C26-4285-AA95-1FB5BE9A3CA8}.FullDebug|x64.Build.0 = FullDebug|x64
		{0FE66220-9C26-4285-AA95-1FB5BE9A3CA8}.Release|Win32.ActiveCfg = Release|Win32
		{0FE66220-9C26-4285-AA95-1FB5BE9A3CA8}.Release|Win32.Build.0 = Release|Win32
		{0FE66220-9C26-4285-AA95-1FB5BE9A3CA8}.Release|x64.ActiveCfg = Release|x64
		{0FE66220-9C26-4285-AA95-1FB5BE9A3CA8}.Release|x64.Build.0 = Release|x64
		{492A0AF1-4E70-47AA-96A9-BF95E2A57FB5}.Debug|Win32.ActiveCfg = Debug|Win32
		{492A0AF1-4E70-47AA-96A9-BF95E2A57FB5}.Debug|Win32.Build.0 = Debug|Win32
		{492A0AF1-4E70-47AA-96A9-BF95E2A57FB5}.Debug|x64.ActiveCfg = Debug|x64
		{492A0AF1-4E70-47AA-96A9-BF95E2A57FB5}.Debug|x64.Build.0 = Debug|x64
		{492A0AF1-4E70-47AA-96A9-BF95E2A57FB5}.FullDebug|Win32.ActiveCfg = FullDebug|Win32
		{492A0AF1-4E70-47AA-96A9-BF95E2A57FB5}.FullDebug|Win32.Build.0 = FullDebug|Win32
		{492A0AF1-4E70-47AA-96A9-BF95E2A57FB5}.FullDebug|x64.ActiveCfg = FullDebug|x64
		{492A0AF1-4E70-47AA-96A9-BF95E2A57FB5}.FullDebug|x64.Build.0 = FullDebug|x64
		{492A0AF1-4E70-47AA-96A9-BF95E2A57FB5}.Release|Win32.ActiveCfg = Release|Win32
		{492A0AF1-4E70-47AA-96A9-BF95E2A57FB5}.Release|Win32.Build.0 = Release|Win32
		{492A0AF1-4E70-47AA-96A9-BF95E2A57FB5}.Release|x64.ActiveCfg = Release|x64
		{492A0AF1-4E70-47AA-96A9-BF95E2A57FB5}.Release|x64.Build.0 = Release|x64
	EndGlobalSection
	GlobalSection(SolutionProperties) = preSolution
		HideSolutionNode = FALSE
	EndGlobalSection
	GlobalSection(ExtensibilityGlobals) = postSolution
		SolutionGuid = {FB72CA87-22EA-40DC-8D98-9A220A1FFCB7}
	EndGlobalSection
EndGlobal
