
Microsoft Visual Studio Solution File, Format Version 12.00
# Visual Studio 15
VisualStudioVersion = 15.0.28307.645
MinimumVisualStudioVersion = 10.0.40219.1
Project("{2150E333-8FDC-42A3-9474-1A3956D46DE8}") = "Acad", "Acad", "{BF83FA1F-0D1F-4DCC-89DE-FE0CB83F40C4}"
EndProject
Project("{2150E333-8FDC-42A3-9474-1A3956D46DE8}") = "Bcad", "Bcad", "{8872313A-AECE-4BDC-B8F2-78DB3435A83A}"
EndProject
Project("{8BC9CEB8-8B4A-11D0-8D11-00A0C91BC942}") = "CMyManagedEntity", "Projects\Acad\CMyManagedEntity\CMyManagedEntity.vcxproj", "{51695D97-BEA1-47DE-88A3-0BE984E1A2EA}"
EndProject
Project("{FAE04EC0-301F-11D3-BF4B-00C04F79EFBC}") = "CMyManagedEntityUI", "Projects\Acad\CMyManagedEntityUI\CMyManagedEntityUI.csproj", "{6769E762-2F25-44E1-9616-B09209B9C4D0}"
EndProject
Project("{8BC9CEB8-8B4A-11D0-8D11-00A0C91BC942}") = "CMyManagedEntity", "Projects\Bcad\CMyManagedEntity\CMyManagedEntity.vcxproj", "{F2C7ECB8-7CD9-4FBE-83AD-9C47E635A33D}"
EndProject
Project("{FAE04EC0-301F-11D3-BF4B-00C04F79EFBC}") = "CMyManagedEntityUI", "Projects\Bcad\CMyManagedEntityUI\CMyManagedEntityUI.csproj", "{942DC6B6-3B29-44B4-A68F-A6BF294ADAB5}"
EndProject
Global
	GlobalSection(SolutionConfigurationPlatforms) = preSolution
		Debug|x64 = Debug|x64
		Release|x64 = Release|x64
	EndGlobalSection
	GlobalSection(ProjectConfigurationPlatforms) = postSolution
		{51695D97-BEA1-47DE-88A3-0BE984E1A2EA}.Debug|x64.ActiveCfg = Debug|x64
		{51695D97-BEA1-47DE-88A3-0BE984E1A2EA}.Debug|x64.Build.0 = Debug|x64
		{51695D97-BEA1-47DE-88A3-0BE984E1A2EA}.Release|x64.ActiveCfg = Release|x64
		{51695D97-BEA1-47DE-88A3-0BE984E1A2EA}.Release|x64.Build.0 = Release|x64
		{6769E762-2F25-44E1-9616-B09209B9C4D0}.Debug|x64.ActiveCfg = Debug|x64
		{6769E762-2F25-44E1-9616-B09209B9C4D0}.Debug|x64.Build.0 = Debug|x64
		{6769E762-2F25-44E1-9616-B09209B9C4D0}.Release|x64.ActiveCfg = Release|x64
		{6769E762-2F25-44E1-9616-B09209B9C4D0}.Release|x64.Build.0 = Release|x64
		{F2C7ECB8-7CD9-4FBE-83AD-9C47E635A33D}.Debug|x64.ActiveCfg = Debug|x64
		{F2C7ECB8-7CD9-4FBE-83AD-9C47E635A33D}.Debug|x64.Build.0 = Debug|x64
		{F2C7ECB8-7CD9-4FBE-83AD-9C47E635A33D}.Release|x64.ActiveCfg = Release|x64
		{F2C7ECB8-7CD9-4FBE-83AD-9C47E635A33D}.Release|x64.Build.0 = Release|x64
		{942DC6B6-3B29-44B4-A68F-A6BF294ADAB5}.Debug|x64.ActiveCfg = Debug|x64
		{942DC6B6-3B29-44B4-A68F-A6BF294ADAB5}.Debug|x64.Build.0 = Debug|x64
		{942DC6B6-3B29-44B4-A68F-A6BF294ADAB5}.Release|x64.ActiveCfg = Release|x64
		{942DC6B6-3B29-44B4-A68F-A6BF294ADAB5}.Release|x64.Build.0 = Release|x64
	EndGlobalSection
	GlobalSection(SolutionProperties) = preSolution
		HideSolutionNode = FALSE
	EndGlobalSection
	GlobalSection(NestedProjects) = preSolution
		{51695D97-BEA1-47DE-88A3-0BE984E1A2EA} = {BF83FA1F-0D1F-4DCC-89DE-FE0CB83F40C4}
		{6769E762-2F25-44E1-9616-B09209B9C4D0} = {BF83FA1F-0D1F-4DCC-89DE-FE0CB83F40C4}
		{F2C7ECB8-7CD9-4FBE-83AD-9C47E635A33D} = {8872313A-AECE-4BDC-B8F2-78DB3435A83A}
		{942DC6B6-3B29-44B4-A68F-A6BF294ADAB5} = {8872313A-AECE-4BDC-B8F2-78DB3435A83A}
	EndGlobalSection
	GlobalSection(ExtensibilityGlobals) = postSolution
		SolutionGuid = {B4843538-6831-4FD6-991E-6728F2F3190E}
	EndGlobalSection
EndGlobal
