
Microsoft Visual Studio Solution File, Format Version 12.00
# Visual Studio Version 16
VisualStudioVersion = 16.0.31424.327
MinimumVisualStudioVersion = 10.0.40219.1
Project("{8BC9CEB8-8B4A-11D0-8D11-00A0C91BC942}") = "Sample-arx23", "build\ARX23\Sample-arx23.vcxproj", "{437AC3F0-15FE-49B2-B9CD-D763CFE8F483}"
EndProject
Project("{8BC9CEB8-8B4A-11D0-8D11-00A0C91BC942}") = "Sample-brx21", "build\BRX21\Sample-brx21.vcxproj", "{CC91B8FB-0892-4303-8D47-EE7A6AACEC39}"
EndProject
Project("{8BC9CEB8-8B4A-11D0-8D11-00A0C91BC942}") = "Sample-brx22", "build\BRX22\Sample-brx22.vcxproj", "{2EB11E49-CA7C-4185-8F17-3B7AA8BF8CAC}"
EndProject
Project("{8BC9CEB8-8B4A-11D0-8D11-00A0C91BC942}") = "Sample-brx23", "build\BRX23\Sample-brx23.vcxproj", "{143E549C-850D-444A-B5EA-29354D66B37F}"
EndProject
Project("{8BC9CEB8-8B4A-11D0-8D11-00A0C91BC942}") = "Sample-brx24", "build\BRX24\Sample-brx24.vcxproj", "{27EFA3AA-BE3C-4AED-827F-3FF096BD2FAF}"
EndProject
Project("{8BC9CEB8-8B4A-11D0-8D11-00A0C91BC942}") = "Sample-arx24", "build\ARX24\Sample-arx24.vcxproj", "{DABE4345-DAE2-42EE-8FEA-16DB17665B2C}"
EndProject
Global
	GlobalSection(SolutionConfigurationPlatforms) = preSolution
		Debug|Win32 = Debug|Win32
		Debug|x64 = Debug|x64
		FullDebug|Win32 = FullDebug|Win32
		FullDebug|x64 = FullDebug|x64
		Release|Win32 = Release|Win32
		Release|x64 = Release|x64
	EndGlobalSection
	GlobalSection(ProjectConfigurationPlatforms) = postSolution
		{437AC3F0-15FE-49B2-B9CD-D763CFE8F483}.Debug|Win32.ActiveCfg = Debug|Win32
		{437AC3F0-15FE-49B2-B9CD-D763CFE8F483}.Debug|Win32.Build.0 = Debug|Win32
		{437AC3F0-15FE-49B2-B9CD-D763CFE8F483}.Debug|x64.ActiveCfg = Debug|x64
		{437AC3F0-15FE-49B2-B9CD-D763CFE8F483}.Debug|x64.Build.0 = Debug|x64
		{437AC3F0-15FE-49B2-B9CD-D763CFE8F483}.FullDebug|Win32.ActiveCfg = Debug|Win32
		{437AC3F0-15FE-49B2-B9CD-D763CFE8F483}.FullDebug|Win32.Build.0 = Debug|Win32
		{437AC3F0-15FE-49B2-B9CD-D763CFE8F483}.FullDebug|x64.ActiveCfg = Debug|x64
		{437AC3F0-15FE-49B2-B9CD-D763CFE8F483}.FullDebug|x64.Build.0 = Debug|x64
		{437AC3F0-15FE-49B2-B9CD-D763CFE8F483}.Release|Win32.ActiveCfg = Release|Win32
		{437AC3F0-15FE-49B2-B9CD-D763CFE8F483}.Release|Win32.Build.0 = Release|Win32
		{437AC3F0-15FE-49B2-B9CD-D763CFE8F483}.Release|x64.ActiveCfg = Release|x64
		{437AC3F0-15FE-49B2-B9CD-D763CFE8F483}.Release|x64.Build.0 = Release|x64
		{CC91B8FB-0892-4303-8D47-EE7A6AACEC39}.Debug|Win32.ActiveCfg = Debug|x64
		{CC91B8FB-0892-4303-8D47-EE7A6AACEC39}.Debug|x64.ActiveCfg = Debug|x64
		{CC91B8FB-0892-4303-8D47-EE7A6AACEC39}.Debug|x64.Build.0 = Debug|x64
		{CC91B8FB-0892-4303-8D47-EE7A6AACEC39}.FullDebug|Win32.ActiveCfg = FullDebug|x64
		{CC91B8FB-0892-4303-8D47-EE7A6AACEC39}.FullDebug|x64.ActiveCfg = FullDebug|x64
		{CC91B8FB-0892-4303-8D47-EE7A6AACEC39}.FullDebug|x64.Build.0 = FullDebug|x64
		{CC91B8FB-0892-4303-8D47-EE7A6AACEC39}.Release|Win32.ActiveCfg = Release|x64
		{CC91B8FB-0892-4303-8D47-EE7A6AACEC39}.Release|x64.ActiveCfg = Release|x64
		{CC91B8FB-0892-4303-8D47-EE7A6AACEC39}.Release|x64.Build.0 = Release|x64
		{2EB11E49-CA7C-4185-8F17-3B7AA8BF8CAC}.Debug|Win32.ActiveCfg = Debug|x64
		{2EB11E49-CA7C-4185-8F17-3B7AA8BF8CAC}.Debug|x64.ActiveCfg = Debug|x64
		{2EB11E49-CA7C-4185-8F17-3B7AA8BF8CAC}.Debug|x64.Build.0 = Debug|x64
		{2EB11E49-CA7C-4185-8F17-3B7AA8BF8CAC}.FullDebug|Win32.ActiveCfg = FullDebug|x64
		{2EB11E49-CA7C-4185-8F17-3B7AA8BF8CAC}.FullDebug|x64.ActiveCfg = FullDebug|x64
		{2EB11E49-CA7C-4185-8F17-3B7AA8BF8CAC}.FullDebug|x64.Build.0 = FullDebug|x64
		{2EB11E49-CA7C-4185-8F17-3B7AA8BF8CAC}.Release|Win32.ActiveCfg = Release|x64
		{2EB11E49-CA7C-4185-8F17-3B7AA8BF8CAC}.Release|x64.ActiveCfg = Release|x64
		{2EB11E49-CA7C-4185-8F17-3B7AA8BF8CAC}.Release|x64.Build.0 = Release|x64
		{143E549C-850D-444A-B5EA-29354D66B37F}.Debug|Win32.ActiveCfg = Debug|x64
		{143E549C-850D-444A-B5EA-29354D66B37F}.Debug|x64.ActiveCfg = Debug|x64
		{143E549C-850D-444A-B5EA-29354D66B37F}.Debug|x64.Build.0 = Debug|x64
		{143E549C-850D-444A-B5EA-29354D66B37F}.FullDebug|Win32.ActiveCfg = FullDebug|x64
		{143E549C-850D-444A-B5EA-29354D66B37F}.FullDebug|x64.ActiveCfg = FullDebug|x64
		{143E549C-850D-444A-B5EA-29354D66B37F}.FullDebug|x64.Build.0 = FullDebug|x64
		{143E549C-850D-444A-B5EA-29354D66B37F}.Release|Win32.ActiveCfg = Release|x64
		{143E549C-850D-444A-B5EA-29354D66B37F}.Release|x64.ActiveCfg = Release|x64
		{143E549C-850D-444A-B5EA-29354D66B37F}.Release|x64.Build.0 = Release|x64
		{27EFA3AA-BE3C-4AED-827F-3FF096BD2FAF}.Debug|Win32.ActiveCfg = Debug|x64
		{27EFA3AA-BE3C-4AED-827F-3FF096BD2FAF}.Debug|x64.ActiveCfg = Debug|x64
		{27EFA3AA-BE3C-4AED-827F-3FF096BD2FAF}.Debug|x64.Build.0 = Debug|x64
		{27EFA3AA-BE3C-4AED-827F-3FF096BD2FAF}.FullDebug|Win32.ActiveCfg = FullDebug|x64
		{27EFA3AA-BE3C-4AED-827F-3FF096BD2FAF}.FullDebug|x64.ActiveCfg = FullDebug|x64
		{27EFA3AA-BE3C-4AED-827F-3FF096BD2FAF}.FullDebug|x64.Build.0 = FullDebug|x64
		{27EFA3AA-BE3C-4AED-827F-3FF096BD2FAF}.Release|Win32.ActiveCfg = Release|x64
		{27EFA3AA-BE3C-4AED-827F-3FF096BD2FAF}.Release|x64.ActiveCfg = Release|x64
		{27EFA3AA-BE3C-4AED-827F-3FF096BD2FAF}.Release|x64.Build.0 = Release|x64
		{DABE4345-DAE2-42EE-8FEA-16DB17665B2C}.Debug|Win32.ActiveCfg = Debug|Win32
		{DABE4345-DAE2-42EE-8FEA-16DB17665B2C}.Debug|Win32.Build.0 = Debug|Win32
		{DABE4345-DAE2-42EE-8FEA-16DB17665B2C}.Debug|x64.ActiveCfg = Debug|x64
		{DABE4345-DAE2-42EE-8FEA-16DB17665B2C}.Debug|x64.Build.0 = Debug|x64
		{DABE4345-DAE2-42EE-8FEA-16DB17665B2C}.FullDebug|Win32.ActiveCfg = Debug|Win32
		{DABE4345-DAE2-42EE-8FEA-16DB17665B2C}.FullDebug|Win32.Build.0 = Debug|Win32
		{DABE4345-DAE2-42EE-8FEA-16DB17665B2C}.FullDebug|x64.ActiveCfg = Debug|x64
		{DABE4345-DAE2-42EE-8FEA-16DB17665B2C}.FullDebug|x64.Build.0 = Debug|x64
		{DABE4345-DAE2-42EE-8FEA-16DB17665B2C}.Release|Win32.ActiveCfg = Release|Win32
		{DABE4345-DAE2-42EE-8FEA-16DB17665B2C}.Release|Win32.Build.0 = Release|Win32
		{DABE4345-DAE2-42EE-8FEA-16DB17665B2C}.Release|x64.ActiveCfg = Release|x64
		{DABE4345-DAE2-42EE-8FEA-16DB17665B2C}.Release|x64.Build.0 = Release|x64
	EndGlobalSection
	GlobalSection(SolutionProperties) = preSolution
		HideSolutionNode = FALSE
	EndGlobalSection
	GlobalSection(ExtensibilityGlobals) = postSolution
		SolutionGuid = {894AEF6A-C6EB-4DE9-8947-343EB208140F}
	EndGlobalSection
EndGlobal
