
Microsoft Visual Studio Solution File, Format Version 12.00
# Visual Studio Version 16
VisualStudioVersion = 16.0.31424.327
MinimumVisualStudioVersion = 10.0.40219.1
Project("{8BC9CEB8-8B4A-11D0-8D11-00A0C91BC942}") = "BimSample20", "BimSample20.vcxproj", "{26142F17-F03F-437F-A5A6-2408A4186892}"
EndProject
Project("{8BC9CEB8-8B4A-11D0-8D11-00A0C91BC942}") = "BimSample21", "BimSample21.vcxproj", "{99FD06D8-CE77-42BA-AA95-B451CDA025C7}"
EndProject
Project("{8BC9CEB8-8B4A-11D0-8D11-00A0C91BC942}") = "BimSample22", "BimSample22.vcxproj", "{7B0C8FF4-9E0E-421B-8754-C8BE3CC3900C}"
EndProject
Project("{8BC9CEB8-8B4A-11D0-8D11-00A0C91BC942}") = "BimSample23", "BimSample23.vcxproj", "{F258E6E6-5C11-446D-8E61-A241D7295C8F}"
EndProject
Global
	GlobalSection(SolutionConfigurationPlatforms) = preSolution
		Debug|Win32 = Debug|Win32
		Debug|x64 = Debug|x64
		FullDebug|Win32 = FullDebug|Win32
		FullDebug|x64 = FullDebug|x64
		Release|Win32 = Release|Win32
		Release|x64 = Release|x64
	EndGlobalSection
	GlobalSection(ProjectConfigurationPlatforms) = postSolution
		{26142F17-F03F-437F-A5A6-2408A4186892}.Debug|Win32.ActiveCfg = Debug|Win32
		{26142F17-F03F-437F-A5A6-2408A4186892}.Debug|Win32.Build.0 = Debug|Win32
		{26142F17-F03F-437F-A5A6-2408A4186892}.Debug|x64.ActiveCfg = Debug|x64
		{26142F17-F03F-437F-A5A6-2408A4186892}.Debug|x64.Build.0 = Debug|x64
		{26142F17-F03F-437F-A5A6-2408A4186892}.FullDebug|Win32.ActiveCfg = FullDebug|Win32
		{26142F17-F03F-437F-A5A6-2408A4186892}.FullDebug|Win32.Build.0 = FullDebug|Win32
		{26142F17-F03F-437F-A5A6-2408A4186892}.FullDebug|x64.ActiveCfg = FullDebug|x64
		{26142F17-F03F-437F-A5A6-2408A4186892}.FullDebug|x64.Build.0 = FullDebug|x64
		{26142F17-F03F-437F-A5A6-2408A4186892}.Release|Win32.ActiveCfg = Release|Win32
		{26142F17-F03F-437F-A5A6-2408A4186892}.Release|Win32.Build.0 = Release|Win32
		{26142F17-F03F-437F-A5A6-2408A4186892}.Release|x64.ActiveCfg = Release|x64
		{26142F17-F03F-437F-A5A6-2408A4186892}.Release|x64.Build.0 = Release|x64
		{99FD06D8-CE77-42BA-AA95-B451CDA025C7}.Debug|Win32.ActiveCfg = Debug|x64
		{99FD06D8-CE77-42BA-AA95-B451CDA025C7}.Debug|x64.ActiveCfg = Debug|x64
		{99FD06D8-CE77-42BA-AA95-B451CDA025C7}.Debug|x64.Build.0 = Debug|x64
		{99FD06D8-CE77-42BA-AA95-B451CDA025C7}.FullDebug|Win32.ActiveCfg = FullDebug|x64
		{99FD06D8-CE77-42BA-AA95-B451CDA025C7}.FullDebug|x64.ActiveCfg = FullDebug|x64
		{99FD06D8-CE77-42BA-AA95-B451CDA025C7}.FullDebug|x64.Build.0 = FullDebug|x64
		{99FD06D8-CE77-42BA-AA95-B451CDA025C7}.Release|Win32.ActiveCfg = Release|x64
		{99FD06D8-CE77-42BA-AA95-B451CDA025C7}.Release|x64.ActiveCfg = Release|x64
		{99FD06D8-CE77-42BA-AA95-B451CDA025C7}.Release|x64.Build.0 = Release|x64
		{7B0C8FF4-9E0E-421B-8754-C8BE3CC3900C}.Debug|Win32.ActiveCfg = Debug|x64
		{7B0C8FF4-9E0E-421B-8754-C8BE3CC3900C}.Debug|x64.ActiveCfg = Debug|x64
		{7B0C8FF4-9E0E-421B-8754-C8BE3CC3900C}.Debug|x64.Build.0 = Debug|x64
		{7B0C8FF4-9E0E-421B-8754-C8BE3CC3900C}.FullDebug|Win32.ActiveCfg = FullDebug|x64
		{7B0C8FF4-9E0E-421B-8754-C8BE3CC3900C}.FullDebug|x64.ActiveCfg = FullDebug|x64
		{7B0C8FF4-9E0E-421B-8754-C8BE3CC3900C}.FullDebug|x64.Build.0 = FullDebug|x64
		{7B0C8FF4-9E0E-421B-8754-C8BE3CC3900C}.Release|Win32.ActiveCfg = Release|x64
		{7B0C8FF4-9E0E-421B-8754-C8BE3CC3900C}.Release|x64.ActiveCfg = Release|x64
		{7B0C8FF4-9E0E-421B-8754-C8BE3CC3900C}.Release|x64.Build.0 = Release|x64
		{F258E6E6-5C11-446D-8E61-A241D7295C8F}.Debug|Win32.ActiveCfg = Debug|x64
		{F258E6E6-5C11-446D-8E61-A241D7295C8F}.Debug|x64.ActiveCfg = Debug|x64
		{F258E6E6-5C11-446D-8E61-A241D7295C8F}.Debug|x64.Build.0 = Debug|x64
		{F258E6E6-5C11-446D-8E61-A241D7295C8F}.FullDebug|Win32.ActiveCfg = FullDebug|x64
		{F258E6E6-5C11-446D-8E61-A241D7295C8F}.FullDebug|x64.ActiveCfg = FullDebug|x64
		{F258E6E6-5C11-446D-8E61-A241D7295C8F}.FullDebug|x64.Build.0 = FullDebug|x64
		{F258E6E6-5C11-446D-8E61-A241D7295C8F}.Release|Win32.ActiveCfg = Release|x64
		{F258E6E6-5C11-446D-8E61-A241D7295C8F}.Release|x64.ActiveCfg = Release|x64
		{F258E6E6-5C11-446D-8E61-A241D7295C8F}.Release|x64.Build.0 = Release|x64
	EndGlobalSection
	GlobalSection(SolutionProperties) = preSolution
		HideSolutionNode = FALSE
	EndGlobalSection
	GlobalSection(ExtensibilityGlobals) = postSolution
		SolutionGuid = {43744CC0-95D2-4549-9020-68A10E554DD4}
	EndGlobalSection
EndGlobal
